
Microsoft Visual Studio Solution File, Format Version 12.00
# Visual Studio Version 16
VisualStudioVersion = 16.0.30011.22
MinimumVisualStudioVersion = 10.0.40219.1
Project("{FAE04EC0-301F-11D3-BF4B-00C04F79EFBC}") = "Dating_App", "Dating_App\Dating_App.csproj", "{0759823F-DB31-475F-8480-B724AA8BC104}"
EndProject
Global
	GlobalSection(SolutionConfigurationPlatforms) = preSolution
		Debug|Any CPU = Debug|Any CPU
		Release|Any CPU = Release|Any CPU
	EndGlobalSection
	GlobalSection(ProjectConfigurationPlatforms) = postSolution
		{0759823F-DB31-475F-8480-B724AA8BC104}.Debug|Any CPU.ActiveCfg = Debug|Any CPU
		{0759823F-DB31-475F-8480-B724AA8BC104}.Debug|Any CPU.Build.0 = Debug|Any CPU
		{0759823F-DB31-475F-8480-B724AA8BC104}.Release|Any CPU.ActiveCfg = Release|Any CPU
		{0759823F-DB31-475F-8480-B724AA8BC104}.Release|Any CPU.Build.0 = Release|Any CPU
	EndGlobalSection
	GlobalSection(SolutionProperties) = preSolution
		HideSolutionNode = FALSE
	EndGlobalSection
	GlobalSection(ExtensibilityGlobals) = postSolution
		SolutionGuid = {9EB2CD1D-F5E5-47FD-B05F-B2014598034F}
	EndGlobalSection
EndGlobal
